
Microsoft Visual Studio Solution File, Format Version 12.00
# Visual Studio Version 17
VisualStudioVersion = 17.7.34031.279
MinimumVisualStudioVersion = 10.0.40219.1
Project("{FAE04EC0-301F-11D3-BF4B-00C04F79EFBC}") = "WebAPI", "WebAPI\WebAPI.csproj", "{12AB8221-6201-4C53-A491-CA1FE9681B09}"
EndProject
Global
	GlobalSection(SolutionConfigurationPlatforms) = preSolution
		Debug|Any CPU = Debug|Any CPU
		Release|Any CPU = Release|Any CPU
	EndGlobalSection
	GlobalSection(ProjectConfigurationPlatforms) = postSolution
		{12AB8221-6201-4C53-A491-CA1FE9681B09}.Debug|Any CPU.ActiveCfg = Debug|Any CPU
		{12AB8221-6201-4C53-A491-CA1FE9681B09}.Debug|Any CPU.Build.0 = Debug|Any CPU
		{12AB8221-6201-4C53-A491-CA1FE9681B09}.Release|Any CPU.ActiveCfg = Release|Any CPU
		{12AB8221-6201-4C53-A491-CA1FE9681B09}.Release|Any CPU.Build.0 = Release|Any CPU
	EndGlobalSection
	GlobalSection(SolutionProperties) = preSolution
		HideSolutionNode = FALSE
	EndGlobalSection
	GlobalSection(ExtensibilityGlobals) = postSolution
		SolutionGuid = {580B486A-30D6-46E5-B60E-CD7892F80D3D}
	EndGlobalSection
EndGlobal
